
Microsoft Visual Studio Solution File, Format Version 12.00
# Visual Studio Version 17
VisualStudioVersion = 17.8.34330.188
MinimumVisualStudioVersion = 10.0.40219.1
Project("{FAE04EC0-301F-11D3-BF4B-00C04F79EFBC}") = "mslab2", "mslab2.csproj", "{B30ED72F-DBAC-4760-93FD-0AF9A8DD19E1}"
EndProject
Global
	GlobalSection(SolutionConfigurationPlatforms) = preSolution
		Debug|Any CPU = Debug|Any CPU
		Release|Any CPU = Release|Any CPU
	EndGlobalSection
	GlobalSection(ProjectConfigurationPlatforms) = postSolution
		{B30ED72F-DBAC-4760-93FD-0AF9A8DD19E1}.Debug|Any CPU.ActiveCfg = Debug|Any CPU
		{B30ED72F-DBAC-4760-93FD-0AF9A8DD19E1}.Debug|Any CPU.Build.0 = Debug|Any CPU
		{B30ED72F-DBAC-4760-93FD-0AF9A8DD19E1}.Release|Any CPU.ActiveCfg = Release|Any CPU
		{B30ED72F-DBAC-4760-93FD-0AF9A8DD19E1}.Release|Any CPU.Build.0 = Release|Any CPU
	EndGlobalSection
	GlobalSection(SolutionProperties) = preSolution
		HideSolutionNode = FALSE
	EndGlobalSection
	GlobalSection(ExtensibilityGlobals) = postSolution
		SolutionGuid = {E4F79C6E-80A6-45E5-8D93-6AFB8AD26260}
	EndGlobalSection
EndGlobal
